
Microsoft Visual Studio Solution File, Format Version 12.00
# Visual Studio Version 16
VisualStudioVersion = 16.0.29926.136
MinimumVisualStudioVersion = 10.0.40219.1
Project("{FAE04EC0-301F-11D3-BF4B-00C04F79EFBC}") = "BeachAccessories", "BeachAccessories\BeachAccessories.csproj", "{54E8A949-D0F3-4840-906E-C21073F072BD}"
EndProject
Global
	GlobalSection(SolutionConfigurationPlatforms) = preSolution
		Debug|Any CPU = Debug|Any CPU
		Release|Any CPU = Release|Any CPU
	EndGlobalSection
	GlobalSection(ProjectConfigurationPlatforms) = postSolution
		{54E8A949-D0F3-4840-906E-C21073F072BD}.Debug|Any CPU.ActiveCfg = Debug|Any CPU
		{54E8A949-D0F3-4840-906E-C21073F072BD}.Debug|Any CPU.Build.0 = Debug|Any CPU
		{54E8A949-D0F3-4840-906E-C21073F072BD}.Release|Any CPU.ActiveCfg = Release|Any CPU
		{54E8A949-D0F3-4840-906E-C21073F072BD}.Release|Any CPU.Build.0 = Release|Any CPU
	EndGlobalSection
	GlobalSection(SolutionProperties) = preSolution
		HideSolutionNode = FALSE
	EndGlobalSection
	GlobalSection(ExtensibilityGlobals) = postSolution
		SolutionGuid = {CC761E6B-0410-46B0-AEDB-8CAE9A4BAA1C}
	EndGlobalSection
EndGlobal
